
Microsoft Visual Studio Solution File, Format Version 12.00
# Visual Studio Version 17
VisualStudioVersion = 17.3.32901.215
MinimumVisualStudioVersion = 10.0.40219.1
Project("{FAE04EC0-301F-11D3-BF4B-00C04F79EFBC}") = "Assignment2", "Assignment2.csproj", "{AB7CF2A5-FE0F-4DF6-AD67-F649999B0620}"
EndProject
Global
	GlobalSection(SolutionConfigurationPlatforms) = preSolution
		Debug|Any CPU = Debug|Any CPU
		Release|Any CPU = Release|Any CPU
	EndGlobalSection
	GlobalSection(ProjectConfigurationPlatforms) = postSolution
		{AB7CF2A5-FE0F-4DF6-AD67-F649999B0620}.Debug|Any CPU.ActiveCfg = Debug|Any CPU
		{AB7CF2A5-FE0F-4DF6-AD67-F649999B0620}.Debug|Any CPU.Build.0 = Debug|Any CPU
		{AB7CF2A5-FE0F-4DF6-AD67-F649999B0620}.Release|Any CPU.ActiveCfg = Release|Any CPU
		{AB7CF2A5-FE0F-4DF6-AD67-F649999B0620}.Release|Any CPU.Build.0 = Release|Any CPU
	EndGlobalSection
	GlobalSection(SolutionProperties) = preSolution
		HideSolutionNode = FALSE
	EndGlobalSection
	GlobalSection(ExtensibilityGlobals) = postSolution
		SolutionGuid = {D81C2CAE-3515-46C4-B739-7C3AC8C26FD9}
	EndGlobalSection
EndGlobal
