
Microsoft Visual Studio Solution File, Format Version 12.00
# Visual Studio Version 17
VisualStudioVersion = 17.3.32922.545
MinimumVisualStudioVersion = 10.0.40219.1
Project("{FAE04EC0-301F-11D3-BF4B-00C04F79EFBC}") = "Assignment 13", "Assignment 13.csproj", "{6C654B89-F585-4C8F-AC9B-2E6DF4EB53DE}"
EndProject
Global
	GlobalSection(SolutionConfigurationPlatforms) = preSolution
		Debug|Any CPU = Debug|Any CPU
		Release|Any CPU = Release|Any CPU
	EndGlobalSection
	GlobalSection(ProjectConfigurationPlatforms) = postSolution
		{6C654B89-F585-4C8F-AC9B-2E6DF4EB53DE}.Debug|Any CPU.ActiveCfg = Debug|Any CPU
		{6C654B89-F585-4C8F-AC9B-2E6DF4EB53DE}.Debug|Any CPU.Build.0 = Debug|Any CPU
		{6C654B89-F585-4C8F-AC9B-2E6DF4EB53DE}.Release|Any CPU.ActiveCfg = Release|Any CPU
		{6C654B89-F585-4C8F-AC9B-2E6DF4EB53DE}.Release|Any CPU.Build.0 = Release|Any CPU
	EndGlobalSection
	GlobalSection(SolutionProperties) = preSolution
		HideSolutionNode = FALSE
	EndGlobalSection
	GlobalSection(ExtensibilityGlobals) = postSolution
		SolutionGuid = {C0B0AFB2-C089-4595-A184-6E92DC05E803}
	EndGlobalSection
EndGlobal
