
Microsoft Visual Studio Solution File, Format Version 12.00
# Visual Studio Version 17
VisualStudioVersion = 17.3.32922.545
MinimumVisualStudioVersion = 10.0.40219.1
Project("{FAE04EC0-301F-11D3-BF4B-00C04F79EFBC}") = "Assignment 8", "Assignment 8.csproj", "{0933FE9F-8172-4FB1-BF58-C3E3A59B68CD}"
EndProject
Global
	GlobalSection(SolutionConfigurationPlatforms) = preSolution
		Debug|Any CPU = Debug|Any CPU
		Release|Any CPU = Release|Any CPU
	EndGlobalSection
	GlobalSection(ProjectConfigurationPlatforms) = postSolution
		{0933FE9F-8172-4FB1-BF58-C3E3A59B68CD}.Debug|Any CPU.ActiveCfg = Debug|Any CPU
		{0933FE9F-8172-4FB1-BF58-C3E3A59B68CD}.Debug|Any CPU.Build.0 = Debug|Any CPU
		{0933FE9F-8172-4FB1-BF58-C3E3A59B68CD}.Release|Any CPU.ActiveCfg = Release|Any CPU
		{0933FE9F-8172-4FB1-BF58-C3E3A59B68CD}.Release|Any CPU.Build.0 = Release|Any CPU
	EndGlobalSection
	GlobalSection(SolutionProperties) = preSolution
		HideSolutionNode = FALSE
	EndGlobalSection
	GlobalSection(ExtensibilityGlobals) = postSolution
		SolutionGuid = {99698D12-A929-4C32-BD0D-8C72178870C0}
	EndGlobalSection
EndGlobal
