
Microsoft Visual Studio Solution File, Format Version 12.00
# Visual Studio Version 17
VisualStudioVersion = 17.3.32922.545
MinimumVisualStudioVersion = 10.0.40219.1
Project("{FAE04EC0-301F-11D3-BF4B-00C04F79EFBC}") = "Asssignment 14", "Asssignment 14.csproj", "{59D0FA1F-6B82-4243-889D-8B80AB9112F9}"
EndProject
Global
	GlobalSection(SolutionConfigurationPlatforms) = preSolution
		Debug|Any CPU = Debug|Any CPU
		Release|Any CPU = Release|Any CPU
	EndGlobalSection
	GlobalSection(ProjectConfigurationPlatforms) = postSolution
		{59D0FA1F-6B82-4243-889D-8B80AB9112F9}.Debug|Any CPU.ActiveCfg = Debug|Any CPU
		{59D0FA1F-6B82-4243-889D-8B80AB9112F9}.Debug|Any CPU.Build.0 = Debug|Any CPU
		{59D0FA1F-6B82-4243-889D-8B80AB9112F9}.Release|Any CPU.ActiveCfg = Release|Any CPU
		{59D0FA1F-6B82-4243-889D-8B80AB9112F9}.Release|Any CPU.Build.0 = Release|Any CPU
	EndGlobalSection
	GlobalSection(SolutionProperties) = preSolution
		HideSolutionNode = FALSE
	EndGlobalSection
	GlobalSection(ExtensibilityGlobals) = postSolution
		SolutionGuid = {AD15601F-22B8-4957-BAA9-4C68D38A4571}
	EndGlobalSection
EndGlobal
